
Microsoft Visual Studio Solution File, Format Version 12.00
# Visual Studio 15
VisualStudioVersion = 15.0.28010.2046
MinimumVisualStudioVersion = 10.0.40219.1
Project("{FAE04EC0-301F-11D3-BF4B-00C04F79EFBC}") = "CareerCloud.Pocos", "CareerCloud.Pocos\CareerCloud.Pocos.csproj", "{71C64789-31D1-474C-9D01-1345ADBB4983}"
EndProject
Project("{FAE04EC0-301F-11D3-BF4B-00C04F79EFBC}") = "CareerCloud.UnitTests.Assignment1", "CareerCloud.UnitTests.Assignment1\CareerCloud.UnitTests.Assignment1.csproj", "{0EF4F160-68B1-491A-925F-064D66EC3283}"
EndProject
Project("{FAE04EC0-301F-11D3-BF4B-00C04F79EFBC}") = "CareerCloud.DataAccessLayer", "CareerCloud.DataAccessLayer\CareerCloud.DataAccessLayer.csproj", "{72A10D3C-916B-4824-9493-D97DD258A7FF}"
EndProject
Project("{FAE04EC0-301F-11D3-BF4B-00C04F79EFBC}") = "CareerCloud.ADODataAccessLayer", "CareerCloud.ADODataAccessLayer\CareerCloud.ADODataAccessLayer.csproj", "{85DA23C8-0D3E-4FC2-906C-FDAB1AE05864}"
EndProject
Project("{FAE04EC0-301F-11D3-BF4B-00C04F79EFBC}") = "CareerCloud.UnitTests.Assignment2", "CareerCloud.UnitTests.Assignment2\CareerCloud.UnitTests.Assignment2.csproj", "{6E68DDCD-CDB9-4ABF-8DF3-57AE31F474E3}"
EndProject
Project("{FAE04EC0-301F-11D3-BF4B-00C04F79EFBC}") = "CareerCloud.BusinessLogicLayer", "CareerCloud.BusinessLogicLayer\CareerCloud.BusinessLogicLayer.csproj", "{4B8858BA-3F41-4BCE-90AE-DFFA8673B3A1}"
EndProject
Project("{FAE04EC0-301F-11D3-BF4B-00C04F79EFBC}") = "CareerCloud.UnitTests.Assignment3", "CareerCloud.UnitTests.Assignment3\CareerCloud.UnitTests.Assignment3.csproj", "{2D394F6A-C67B-4127-895E-8F6812942AC5}"
EndProject
Project("{FAE04EC0-301F-11D3-BF4B-00C04F79EFBC}") = "CarerrCloud.UnitTests.Assignment4", "CarerrCloud.UnitTests.Assignment4\CarerrCloud.UnitTests.Assignment4.csproj", "{D8F213B9-4DC6-4C4E-A7A5-D741C0C7DFE3}"
EndProject
Project("{FAE04EC0-301F-11D3-BF4B-00C04F79EFBC}") = "CareerCloud.EntityFrameworkDataAccess", "CareerCloud.EntityFrameworkDataAccess\CareerCloud.EntityFrameworkDataAccess.csproj", "{E3150A8A-60B4-4359-8923-8EADEE79FB49}"
EndProject
Project("{FAE04EC0-301F-11D3-BF4B-00C04F79EFBC}") = "CareerCloud.WCF", "CareerCloud.WCF\CareerCloud.WCF.csproj", "{6B4F0F74-466C-4EB7-896C-2258CAC06B91}"
EndProject
Project("{FAE04EC0-301F-11D3-BF4B-00C04F79EFBC}") = "CareerCloud.UnitTests.Assignment5", "CareerCloud.UnitTests.Assignment5\CareerCloud.UnitTests.Assignment5.csproj", "{943928D9-1890-4404-A8AF-5FF14079C136}"
	ProjectSection(ProjectDependencies) = postProject
		{6B4F0F74-466C-4EB7-896C-2258CAC06B91} = {6B4F0F74-466C-4EB7-896C-2258CAC06B91}
	EndProjectSection
EndProject
Project("{FAE04EC0-301F-11D3-BF4B-00C04F79EFBC}") = "CareerCloud.WebAPI", "CareerCloud.WebAPI\CareerCloud.WebAPI.csproj", "{A35CE6D0-E044-4E6F-8FD5-D775E02D7ED0}"
EndProject
Project("{FAE04EC0-301F-11D3-BF4B-00C04F79EFBC}") = "CareerCloud.UnitTests.Assignment6", "CareerCloud.UnitTests.Assignment6\CareerCloud.UnitTests.Assignment6.csproj", "{878AFB57-B469-4CC7-A714-0E447A4DA8E4}"
EndProject
Global
	GlobalSection(SolutionConfigurationPlatforms) = preSolution
		Debug|Any CPU = Debug|Any CPU
		Release|Any CPU = Release|Any CPU
	EndGlobalSection
	GlobalSection(ProjectConfigurationPlatforms) = postSolution
		{71C64789-31D1-474C-9D01-1345ADBB4983}.Debug|Any CPU.ActiveCfg = Debug|Any CPU
		{71C64789-31D1-474C-9D01-1345ADBB4983}.Debug|Any CPU.Build.0 = Debug|Any CPU
		{71C64789-31D1-474C-9D01-1345ADBB4983}.Release|Any CPU.ActiveCfg = Release|Any CPU
		{71C64789-31D1-474C-9D01-1345ADBB4983}.Release|Any CPU.Build.0 = Release|Any CPU
		{0EF4F160-68B1-491A-925F-064D66EC3283}.Debug|Any CPU.ActiveCfg = Debug|Any CPU
		{0EF4F160-68B1-491A-925F-064D66EC3283}.Debug|Any CPU.Build.0 = Debug|Any CPU
		{0EF4F160-68B1-491A-925F-064D66EC3283}.Release|Any CPU.ActiveCfg = Release|Any CPU
		{0EF4F160-68B1-491A-925F-064D66EC3283}.Release|Any CPU.Build.0 = Release|Any CPU
		{72A10D3C-916B-4824-9493-D97DD258A7FF}.Debug|Any CPU.ActiveCfg = Debug|Any CPU
		{72A10D3C-916B-4824-9493-D97DD258A7FF}.Debug|Any CPU.Build.0 = Debug|Any CPU
		{72A10D3C-916B-4824-9493-D97DD258A7FF}.Release|Any CPU.ActiveCfg = Release|Any CPU
		{72A10D3C-916B-4824-9493-D97DD258A7FF}.Release|Any CPU.Build.0 = Release|Any CPU
		{85DA23C8-0D3E-4FC2-906C-FDAB1AE05864}.Debug|Any CPU.ActiveCfg = Debug|Any CPU
		{85DA23C8-0D3E-4FC2-906C-FDAB1AE05864}.Debug|Any CPU.Build.0 = Debug|Any CPU
		{85DA23C8-0D3E-4FC2-906C-FDAB1AE05864}.Release|Any CPU.ActiveCfg = Release|Any CPU
		{85DA23C8-0D3E-4FC2-906C-FDAB1AE05864}.Release|Any CPU.Build.0 = Release|Any CPU
		{6E68DDCD-CDB9-4ABF-8DF3-57AE31F474E3}.Debug|Any CPU.ActiveCfg = Debug|Any CPU
		{6E68DDCD-CDB9-4ABF-8DF3-57AE31F474E3}.Debug|Any CPU.Build.0 = Debug|Any CPU
		{6E68DDCD-CDB9-4ABF-8DF3-57AE31F474E3}.Release|Any CPU.ActiveCfg = Release|Any CPU
		{6E68DDCD-CDB9-4ABF-8DF3-57AE31F474E3}.Release|Any CPU.Build.0 = Release|Any CPU
		{4B8858BA-3F41-4BCE-90AE-DFFA8673B3A1}.Debug|Any CPU.ActiveCfg = Debug|Any CPU
		{4B8858BA-3F41-4BCE-90AE-DFFA8673B3A1}.Debug|Any CPU.Build.0 = Debug|Any CPU
		{4B8858BA-3F41-4BCE-90AE-DFFA8673B3A1}.Release|Any CPU.ActiveCfg = Release|Any CPU
		{4B8858BA-3F41-4BCE-90AE-DFFA8673B3A1}.Release|Any CPU.Build.0 = Release|Any CPU
		{2D394F6A-C67B-4127-895E-8F6812942AC5}.Debug|Any CPU.ActiveCfg = Debug|Any CPU
		{2D394F6A-C67B-4127-895E-8F6812942AC5}.Debug|Any CPU.Build.0 = Debug|Any CPU
		{2D394F6A-C67B-4127-895E-8F6812942AC5}.Release|Any CPU.ActiveCfg = Release|Any CPU
		{2D394F6A-C67B-4127-895E-8F6812942AC5}.Release|Any CPU.Build.0 = Release|Any CPU
		{D8F213B9-4DC6-4C4E-A7A5-D741C0C7DFE3}.Debug|Any CPU.ActiveCfg = Debug|Any CPU
		{D8F213B9-4DC6-4C4E-A7A5-D741C0C7DFE3}.Debug|Any CPU.Build.0 = Debug|Any CPU
		{D8F213B9-4DC6-4C4E-A7A5-D741C0C7DFE3}.Release|Any CPU.ActiveCfg = Release|Any CPU
		{D8F213B9-4DC6-4C4E-A7A5-D741C0C7DFE3}.Release|Any CPU.Build.0 = Release|Any CPU
		{E3150A8A-60B4-4359-8923-8EADEE79FB49}.Debug|Any CPU.ActiveCfg = Debug|Any CPU
		{E3150A8A-60B4-4359-8923-8EADEE79FB49}.Debug|Any CPU.Build.0 = Debug|Any CPU
		{E3150A8A-60B4-4359-8923-8EADEE79FB49}.Release|Any CPU.ActiveCfg = Release|Any CPU
		{E3150A8A-60B4-4359-8923-8EADEE79FB49}.Release|Any CPU.Build.0 = Release|Any CPU
		{6B4F0F74-466C-4EB7-896C-2258CAC06B91}.Debug|Any CPU.ActiveCfg = Debug|Any CPU
		{6B4F0F74-466C-4EB7-896C-2258CAC06B91}.Debug|Any CPU.Build.0 = Debug|Any CPU
		{6B4F0F74-466C-4EB7-896C-2258CAC06B91}.Release|Any CPU.ActiveCfg = Release|Any CPU
		{6B4F0F74-466C-4EB7-896C-2258CAC06B91}.Release|Any CPU.Build.0 = Release|Any CPU
		{943928D9-1890-4404-A8AF-5FF14079C136}.Debug|Any CPU.ActiveCfg = Debug|Any CPU
		{943928D9-1890-4404-A8AF-5FF14079C136}.Debug|Any CPU.Build.0 = Debug|Any CPU
		{943928D9-1890-4404-A8AF-5FF14079C136}.Release|Any CPU.ActiveCfg = Release|Any CPU
		{943928D9-1890-4404-A8AF-5FF14079C136}.Release|Any CPU.Build.0 = Release|Any CPU
		{A35CE6D0-E044-4E6F-8FD5-D775E02D7ED0}.Debug|Any CPU.ActiveCfg = Debug|Any CPU
		{A35CE6D0-E044-4E6F-8FD5-D775E02D7ED0}.Debug|Any CPU.Build.0 = Debug|Any CPU
		{A35CE6D0-E044-4E6F-8FD5-D775E02D7ED0}.Release|Any CPU.ActiveCfg = Release|Any CPU
		{A35CE6D0-E044-4E6F-8FD5-D775E02D7ED0}.Release|Any CPU.Build.0 = Release|Any CPU
		{878AFB57-B469-4CC7-A714-0E447A4DA8E4}.Debug|Any CPU.ActiveCfg = Debug|Any CPU
		{878AFB57-B469-4CC7-A714-0E447A4DA8E4}.Debug|Any CPU.Build.0 = Debug|Any CPU
		{878AFB57-B469-4CC7-A714-0E447A4DA8E4}.Release|Any CPU.ActiveCfg = Release|Any CPU
		{878AFB57-B469-4CC7-A714-0E447A4DA8E4}.Release|Any CPU.Build.0 = Release|Any CPU
	EndGlobalSection
	GlobalSection(SolutionProperties) = preSolution
		HideSolutionNode = FALSE
	EndGlobalSection
	GlobalSection(ExtensibilityGlobals) = postSolution
		SolutionGuid = {BF30AE8D-0FFB-41E0-8170-8345C1A98BB6}
	EndGlobalSection
EndGlobal
